
Microsoft Visual Studio Solution File, Format Version 12.00
# Visual Studio Version 16
VisualStudioVersion = 16.0.28803.452
MinimumVisualStudioVersion = 10.0.40219.1
Project("{9A19103F-16F7-4668-BE54-9A1E7A4F7556}") = "MSS.API.Operlog", "MSS.API.Operlog\MSS.API.Operlog.csproj", "{AB4B8FF8-4149-4F16-9C05-E5FD0FD5D03C}"
EndProject
Project("{9A19103F-16F7-4668-BE54-9A1E7A4F7556}") = "MSS.API.Operlog.Common", "MSS.API.Operlog.Common\MSS.API.Operlog.Common.csproj", "{B6D439BF-4F3C-4596-AA8F-F99B81357EED}"
EndProject
Project("{9A19103F-16F7-4668-BE54-9A1E7A4F7556}") = "MSS.API.Common", "..\..\commons\MSS.API.Common\MSS.API.Common.csproj", "{4203905F-5353-4BB7-A46F-5806928AFA82}"
EndProject
Project("{9A19103F-16F7-4668-BE54-9A1E7A4F7556}") = "MSS.API.Operlog.Dao", "MSS.API.Operlog.Dao\MSS.API.Operlog.Dao.csproj", "{C7728C17-9630-4CC9-92CF-6BFAA2DCDC6E}"
EndProject
Project("{9A19103F-16F7-4668-BE54-9A1E7A4F7556}") = "MSS.API.Operlog.Model", "MSS.API.Operlog.Model\MSS.API.Operlog.Model.csproj", "{70CD17D8-3B5C-4A81-9C8C-6280A705E221}"
EndProject
Global
	GlobalSection(SolutionConfigurationPlatforms) = preSolution
		Debug|Any CPU = Debug|Any CPU
		Release|Any CPU = Release|Any CPU
	EndGlobalSection
	GlobalSection(ProjectConfigurationPlatforms) = postSolution
		{AB4B8FF8-4149-4F16-9C05-E5FD0FD5D03C}.Debug|Any CPU.ActiveCfg = Debug|Any CPU
		{AB4B8FF8-4149-4F16-9C05-E5FD0FD5D03C}.Debug|Any CPU.Build.0 = Debug|Any CPU
		{AB4B8FF8-4149-4F16-9C05-E5FD0FD5D03C}.Release|Any CPU.ActiveCfg = Release|Any CPU
		{AB4B8FF8-4149-4F16-9C05-E5FD0FD5D03C}.Release|Any CPU.Build.0 = Release|Any CPU
		{B6D439BF-4F3C-4596-AA8F-F99B81357EED}.Debug|Any CPU.ActiveCfg = Debug|Any CPU
		{B6D439BF-4F3C-4596-AA8F-F99B81357EED}.Debug|Any CPU.Build.0 = Debug|Any CPU
		{B6D439BF-4F3C-4596-AA8F-F99B81357EED}.Release|Any CPU.ActiveCfg = Release|Any CPU
		{B6D439BF-4F3C-4596-AA8F-F99B81357EED}.Release|Any CPU.Build.0 = Release|Any CPU
		{4203905F-5353-4BB7-A46F-5806928AFA82}.Debug|Any CPU.ActiveCfg = Debug|Any CPU
		{4203905F-5353-4BB7-A46F-5806928AFA82}.Debug|Any CPU.Build.0 = Debug|Any CPU
		{4203905F-5353-4BB7-A46F-5806928AFA82}.Release|Any CPU.ActiveCfg = Release|Any CPU
		{4203905F-5353-4BB7-A46F-5806928AFA82}.Release|Any CPU.Build.0 = Release|Any CPU
		{C7728C17-9630-4CC9-92CF-6BFAA2DCDC6E}.Debug|Any CPU.ActiveCfg = Debug|Any CPU
		{C7728C17-9630-4CC9-92CF-6BFAA2DCDC6E}.Debug|Any CPU.Build.0 = Debug|Any CPU
		{C7728C17-9630-4CC9-92CF-6BFAA2DCDC6E}.Release|Any CPU.ActiveCfg = Release|Any CPU
		{C7728C17-9630-4CC9-92CF-6BFAA2DCDC6E}.Release|Any CPU.Build.0 = Release|Any CPU
		{70CD17D8-3B5C-4A81-9C8C-6280A705E221}.Debug|Any CPU.ActiveCfg = Debug|Any CPU
		{70CD17D8-3B5C-4A81-9C8C-6280A705E221}.Debug|Any CPU.Build.0 = Debug|Any CPU
		{70CD17D8-3B5C-4A81-9C8C-6280A705E221}.Release|Any CPU.ActiveCfg = Release|Any CPU
		{70CD17D8-3B5C-4A81-9C8C-6280A705E221}.Release|Any CPU.Build.0 = Release|Any CPU
	EndGlobalSection
	GlobalSection(SolutionProperties) = preSolution
		HideSolutionNode = FALSE
	EndGlobalSection
	GlobalSection(ExtensibilityGlobals) = postSolution
		SolutionGuid = {18B60BFF-A080-4A8A-8FB1-BCFE2449D2A4}
	EndGlobalSection
EndGlobal
